
Microsoft Visual Studio Solution File, Format Version 12.00
# Visual Studio Version 16
VisualStudioVersion = 16.0.31729.503
MinimumVisualStudioVersion = 10.0.40219.1
Project("{FAE04EC0-301F-11D3-BF4B-00C04F79EFBC}") = "CONTACT TRACING VIEWER1", "CONTACT TRACING VIEWER1.csproj", "{F56052E9-9BBA-442F-A715-170BC80174A7}"
EndProject
Global
	GlobalSection(SolutionConfigurationPlatforms) = preSolution
		Debug|Any CPU = Debug|Any CPU
		Release|Any CPU = Release|Any CPU
	EndGlobalSection
	GlobalSection(ProjectConfigurationPlatforms) = postSolution
		{F56052E9-9BBA-442F-A715-170BC80174A7}.Debug|Any CPU.ActiveCfg = Debug|Any CPU
		{F56052E9-9BBA-442F-A715-170BC80174A7}.Debug|Any CPU.Build.0 = Debug|Any CPU
		{F56052E9-9BBA-442F-A715-170BC80174A7}.Release|Any CPU.ActiveCfg = Release|Any CPU
		{F56052E9-9BBA-442F-A715-170BC80174A7}.Release|Any CPU.Build.0 = Release|Any CPU
	EndGlobalSection
	GlobalSection(SolutionProperties) = preSolution
		HideSolutionNode = FALSE
	EndGlobalSection
	GlobalSection(ExtensibilityGlobals) = postSolution
		SolutionGuid = {893E0111-377C-4BD3-BCA0-ACBCD7680C3D}
	EndGlobalSection
EndGlobal
